# THIS IS AN AUTOGENERATED FILE. DO NOT EDIT THIS FILE DIRECTLY.
# yarn lockfile v1


emojilib@^3.0.6:
  version "3.0.6"
  resolved "https://registry.yarnpkg.com/emojilib/-/emojilib-3.0.6.tgz#09cb2d3bbf5df832a3842bbd0fc8a713db70fd54"
  integrity sha512-/fjPG5+oTHzHDQhXwovBrggTNhOB6r2Ms1+e9ZX84kYov/5YK1b9Jk4f6uho8C9CmWkQzjTJXrphNkP27+7TqQ==
